
Microsoft Visual Studio Solution File, Format Version 12.00
# Visual Studio Version 16
VisualStudioVersion = 16.0.31112.23
MinimumVisualStudioVersion = 10.0.40219.1
Project("{9A19103F-16F7-4668-BE54-9A1E7A4F7556}") = "ConsoleCLient", "ConsoleCLient.csproj", "{9E708A76-FEA1-4A37-BFA5-F1E474E0135D}"
EndProject
Project("{9A19103F-16F7-4668-BE54-9A1E7A4F7556}") = "ASPCoreServer", "..\ASPCoreServer\ASPCoreServer.csproj", "{A7322896-F9BD-425E-A497-381B4BB659B1}"
EndProject
Project("{FAE04EC0-301F-11D3-BF4B-00C04F79EFBC}") = "WindowsFormsClient", "..\WindowsFormsClient\WindowsFormsClient.csproj", "{F092F262-0138-4845-885D-F4F2B35D3B49}"
EndProject
Project("{9A19103F-16F7-4668-BE54-9A1E7A4F7556}") = "ConsoleMessengerWithGUI", "..\ConsoleMessengerWithGUI\ConsoleMessengerWithGUI.csproj", "{19AD39FC-0673-403F-A94B-4482DA0DEFF1}"
EndProject
Project("{FAE04EC0-301F-11D3-BF4B-00C04F79EFBC}") = "WpfClient", "..\WpfClient\WpfClient.csproj", "{79BEF99C-9E3A-4F7B-A812-0769191F18B7}"
EndProject
Project("{FAE04EC0-301F-11D3-BF4B-00C04F79EFBC}") = "UWPClient", "..\UWPClient\UWPClient.csproj", "{E22B5A24-085C-460E-BBAB-A882475E4E53}"
EndProject
Global
	GlobalSection(SolutionConfigurationPlatforms) = preSolution
		Debug|Any CPU = Debug|Any CPU
		Debug|ARM = Debug|ARM
		Debug|ARM64 = Debug|ARM64
		Debug|x64 = Debug|x64
		Debug|x86 = Debug|x86
		Release|Any CPU = Release|Any CPU
		Release|ARM = Release|ARM
		Release|ARM64 = Release|ARM64
		Release|x64 = Release|x64
		Release|x86 = Release|x86
	EndGlobalSection
	GlobalSection(ProjectConfigurationPlatforms) = postSolution
		{9E708A76-FEA1-4A37-BFA5-F1E474E0135D}.Debug|Any CPU.ActiveCfg = Debug|Any CPU
		{9E708A76-FEA1-4A37-BFA5-F1E474E0135D}.Debug|Any CPU.Build.0 = Debug|Any CPU
		{9E708A76-FEA1-4A37-BFA5-F1E474E0135D}.Debug|ARM.ActiveCfg = Debug|Any CPU
		{9E708A76-FEA1-4A37-BFA5-F1E474E0135D}.Debug|ARM.Build.0 = Debug|Any CPU
		{9E708A76-FEA1-4A37-BFA5-F1E474E0135D}.Debug|ARM64.ActiveCfg = Debug|Any CPU
		{9E708A76-FEA1-4A37-BFA5-F1E474E0135D}.Debug|ARM64.Build.0 = Debug|Any CPU
		{9E708A76-FEA1-4A37-BFA5-F1E474E0135D}.Debug|x64.ActiveCfg = Debug|Any CPU
		{9E708A76-FEA1-4A37-BFA5-F1E474E0135D}.Debug|x64.Build.0 = Debug|Any CPU
		{9E708A76-FEA1-4A37-BFA5-F1E474E0135D}.Debug|x86.ActiveCfg = Debug|Any CPU
		{9E708A76-FEA1-4A37-BFA5-F1E474E0135D}.Debug|x86.Build.0 = Debug|Any CPU
		{9E708A76-FEA1-4A37-BFA5-F1E474E0135D}.Release|Any CPU.ActiveCfg = Release|Any CPU
		{9E708A76-FEA1-4A37-BFA5-F1E474E0135D}.Release|Any CPU.Build.0 = Release|Any CPU
		{9E708A76-FEA1-4A37-BFA5-F1E474E0135D}.Release|ARM.ActiveCfg = Release|Any CPU
		{9E708A76-FEA1-4A37-BFA5-F1E474E0135D}.Release|ARM.Build.0 = Release|Any CPU
		{9E708A76-FEA1-4A37-BFA5-F1E474E0135D}.Release|ARM64.ActiveCfg = Release|Any CPU
		{9E708A76-FEA1-4A37-BFA5-F1E474E0135D}.Release|ARM64.Build.0 = Release|Any CPU
		{9E708A76-FEA1-4A37-BFA5-F1E474E0135D}.Release|x64.ActiveCfg = Release|Any CPU
		{9E708A76-FEA1-4A37-BFA5-F1E474E0135D}.Release|x64.Build.0 = Release|Any CPU
		{9E708A76-FEA1-4A37-BFA5-F1E474E0135D}.Release|x86.ActiveCfg = Release|Any CPU
		{9E708A76-FEA1-4A37-BFA5-F1E474E0135D}.Release|x86.Build.0 = Release|Any CPU
		{A7322896-F9BD-425E-A497-381B4BB659B1}.Debug|Any CPU.ActiveCfg = Debug|Any CPU
		{A7322896-F9BD-425E-A497-381B4BB659B1}.Debug|Any CPU.Build.0 = Debug|Any CPU
		{A7322896-F9BD-425E-A497-381B4BB659B1}.Debug|ARM.ActiveCfg = Debug|Any CPU
		{A7322896-F9BD-425E-A497-381B4BB659B1}.Debug|ARM.Build.0 = Debug|Any CPU
		{A7322896-F9BD-425E-A497-381B4BB659B1}.Debug|ARM64.ActiveCfg = Debug|Any CPU
		{A7322896-F9BD-425E-A497-381B4BB659B1}.Debug|ARM64.Build.0 = Debug|Any CPU
		{A7322896-F9BD-425E-A497-381B4BB659B1}.Debug|x64.ActiveCfg = Debug|Any CPU
		{A7322896-F9BD-425E-A497-381B4BB659B1}.Debug|x64.Build.0 = Debug|Any CPU
		{A7322896-F9BD-425E-A497-381B4BB659B1}.Debug|x86.ActiveCfg = Debug|Any CPU
		{A7322896-F9BD-425E-A497-381B4BB659B1}.Debug|x86.Build.0 = Debug|Any CPU
		{A7322896-F9BD-425E-A497-381B4BB659B1}.Release|Any CPU.ActiveCfg = Release|Any CPU
		{A7322896-F9BD-425E-A497-381B4BB659B1}.Release|Any CPU.Build.0 = Release|Any CPU
		{A7322896-F9BD-425E-A497-381B4BB659B1}.Release|ARM.ActiveCfg = Release|Any CPU
		{A7322896-F9BD-425E-A497-381B4BB659B1}.Release|ARM.Build.0 = Release|Any CPU
		{A7322896-F9BD-425E-A497-381B4BB659B1}.Release|ARM64.ActiveCfg = Release|Any CPU
		{A7322896-F9BD-425E-A497-381B4BB659B1}.Release|ARM64.Build.0 = Release|Any CPU
		{A7322896-F9BD-425E-A497-381B4BB659B1}.Release|x64.ActiveCfg = Release|Any CPU
		{A7322896-F9BD-425E-A497-381B4BB659B1}.Release|x64.Build.0 = Release|Any CPU
		{A7322896-F9BD-425E-A497-381B4BB659B1}.Release|x86.ActiveCfg = Release|Any CPU
		{A7322896-F9BD-425E-A497-381B4BB659B1}.Release|x86.Build.0 = Release|Any CPU
		{F092F262-0138-4845-885D-F4F2B35D3B49}.Debug|Any CPU.ActiveCfg = Debug|Any CPU
		{F092F262-0138-4845-885D-F4F2B35D3B49}.Debug|Any CPU.Build.0 = Debug|Any CPU
		{F092F262-0138-4845-885D-F4F2B35D3B49}.Debug|ARM.ActiveCfg = Debug|Any CPU
		{F092F262-0138-4845-885D-F4F2B35D3B49}.Debug|ARM.Build.0 = Debug|Any CPU
		{F092F262-0138-4845-885D-F4F2B35D3B49}.Debug|ARM64.ActiveCfg = Debug|Any CPU
		{F092F262-0138-4845-885D-F4F2B35D3B49}.Debug|ARM64.Build.0 = Debug|Any CPU
		{F092F262-0138-4845-885D-F4F2B35D3B49}.Debug|x64.ActiveCfg = Debug|Any CPU
		{F092F262-0138-4845-885D-F4F2B35D3B49}.Debug|x64.Build.0 = Debug|Any CPU
		{F092F262-0138-4845-885D-F4F2B35D3B49}.Debug|x86.ActiveCfg = Debug|Any CPU
		{F092F262-0138-4845-885D-F4F2B35D3B49}.Debug|x86.Build.0 = Debug|Any CPU
		{F092F262-0138-4845-885D-F4F2B35D3B49}.Release|Any CPU.ActiveCfg = Release|Any CPU
		{F092F262-0138-4845-885D-F4F2B35D3B49}.Release|Any CPU.Build.0 = Release|Any CPU
		{F092F262-0138-4845-885D-F4F2B35D3B49}.Release|ARM.ActiveCfg = Release|Any CPU
		{F092F262-0138-4845-885D-F4F2B35D3B49}.Release|ARM.Build.0 = Release|Any CPU
		{F092F262-0138-4845-885D-F4F2B35D3B49}.Release|ARM64.ActiveCfg = Release|Any CPU
		{F092F262-0138-4845-885D-F4F2B35D3B49}.Release|ARM64.Build.0 = Release|Any CPU
		{F092F262-0138-4845-885D-F4F2B35D3B49}.Release|x64.ActiveCfg = Release|Any CPU
		{F092F262-0138-4845-885D-F4F2B35D3B49}.Release|x64.Build.0 = Release|Any CPU
		{F092F262-0138-4845-885D-F4F2B35D3B49}.Release|x86.ActiveCfg = Release|Any CPU
		{F092F262-0138-4845-885D-F4F2B35D3B49}.Release|x86.Build.0 = Release|Any CPU
		{19AD39FC-0673-403F-A94B-4482DA0DEFF1}.Debug|Any CPU.ActiveCfg = Debug|Any CPU
		{19AD39FC-0673-403F-A94B-4482DA0DEFF1}.Debug|Any CPU.Build.0 = Debug|Any CPU
		{19AD39FC-0673-403F-A94B-4482DA0DEFF1}.Debug|ARM.ActiveCfg = Debug|Any CPU
		{19AD39FC-0673-403F-A94B-4482DA0DEFF1}.Debug|ARM.Build.0 = Debug|Any CPU
		{19AD39FC-0673-403F-A94B-4482DA0DEFF1}.Debug|ARM64.ActiveCfg = Debug|Any CPU
		{19AD39FC-0673-403F-A94B-4482DA0DEFF1}.Debug|ARM64.Build.0 = Debug|Any CPU
		{19AD39FC-0673-403F-A94B-4482DA0DEFF1}.Debug|x64.ActiveCfg = Debug|Any CPU
		{19AD39FC-0673-403F-A94B-4482DA0DEFF1}.Debug|x64.Build.0 = Debug|Any CPU
		{19AD39FC-0673-403F-A94B-4482DA0DEFF1}.Debug|x86.ActiveCfg = Debug|Any CPU
		{19AD39FC-0673-403F-A94B-4482DA0DEFF1}.Debug|x86.Build.0 = Debug|Any CPU
		{19AD39FC-0673-403F-A94B-4482DA0DEFF1}.Release|Any CPU.ActiveCfg = Release|Any CPU
		{19AD39FC-0673-403F-A94B-4482DA0DEFF1}.Release|Any CPU.Build.0 = Release|Any CPU
		{19AD39FC-0673-403F-A94B-4482DA0DEFF1}.Release|ARM.ActiveCfg = Release|Any CPU
		{19AD39FC-0673-403F-A94B-4482DA0DEFF1}.Release|ARM.Build.0 = Release|Any CPU
		{19AD39FC-0673-403F-A94B-4482DA0DEFF1}.Release|ARM64.ActiveCfg = Release|Any CPU
		{19AD39FC-0673-403F-A94B-4482DA0DEFF1}.Release|ARM64.Build.0 = Release|Any CPU
		{19AD39FC-0673-403F-A94B-4482DA0DEFF1}.Release|x64.ActiveCfg = Release|Any CPU
		{19AD39FC-0673-403F-A94B-4482DA0DEFF1}.Release|x64.Build.0 = Release|Any CPU
		{19AD39FC-0673-403F-A94B-4482DA0DEFF1}.Release|x86.ActiveCfg = Release|Any CPU
		{19AD39FC-0673-403F-A94B-4482DA0DEFF1}.Release|x86.Build.0 = Release|Any CPU
		{79BEF99C-9E3A-4F7B-A812-0769191F18B7}.Debug|Any CPU.ActiveCfg = Debug|Any CPU
		{79BEF99C-9E3A-4F7B-A812-0769191F18B7}.Debug|Any CPU.Build.0 = Debug|Any CPU
		{79BEF99C-9E3A-4F7B-A812-0769191F18B7}.Debug|ARM.ActiveCfg = Debug|Any CPU
		{79BEF99C-9E3A-4F7B-A812-0769191F18B7}.Debug|ARM.Build.0 = Debug|Any CPU
		{79BEF99C-9E3A-4F7B-A812-0769191F18B7}.Debug|ARM64.ActiveCfg = Debug|Any CPU
		{79BEF99C-9E3A-4F7B-A812-0769191F18B7}.Debug|ARM64.Build.0 = Debug|Any CPU
		{79BEF99C-9E3A-4F7B-A812-0769191F18B7}.Debug|x64.ActiveCfg = Debug|Any CPU
		{79BEF99C-9E3A-4F7B-A812-0769191F18B7}.Debug|x64.Build.0 = Debug|Any CPU
		{79BEF99C-9E3A-4F7B-A812-0769191F18B7}.Debug|x86.ActiveCfg = Debug|Any CPU
		{79BEF99C-9E3A-4F7B-A812-0769191F18B7}.Debug|x86.Build.0 = Debug|Any CPU
		{79BEF99C-9E3A-4F7B-A812-0769191F18B7}.Release|Any CPU.ActiveCfg = Release|Any CPU
		{79BEF99C-9E3A-4F7B-A812-0769191F18B7}.Release|Any CPU.Build.0 = Release|Any CPU
		{79BEF99C-9E3A-4F7B-A812-0769191F18B7}.Release|ARM.ActiveCfg = Release|Any CPU
		{79BEF99C-9E3A-4F7B-A812-0769191F18B7}.Release|ARM.Build.0 = Release|Any CPU
		{79BEF99C-9E3A-4F7B-A812-0769191F18B7}.Release|ARM64.ActiveCfg = Release|Any CPU
		{79BEF99C-9E3A-4F7B-A812-0769191F18B7}.Release|ARM64.Build.0 = Release|Any CPU
		{79BEF99C-9E3A-4F7B-A812-0769191F18B7}.Release|x64.ActiveCfg = Release|Any CPU
		{79BEF99C-9E3A-4F7B-A812-0769191F18B7}.Release|x64.Build.0 = Release|Any CPU
		{79BEF99C-9E3A-4F7B-A812-0769191F18B7}.Release|x86.ActiveCfg = Release|Any CPU
		{79BEF99C-9E3A-4F7B-A812-0769191F18B7}.Release|x86.Build.0 = Release|Any CPU
		{E22B5A24-085C-460E-BBAB-A882475E4E53}.Debug|Any CPU.ActiveCfg = Debug|x86
		{E22B5A24-085C-460E-BBAB-A882475E4E53}.Debug|ARM.ActiveCfg = Debug|ARM
		{E22B5A24-085C-460E-BBAB-A882475E4E53}.Debug|ARM.Build.0 = Debug|ARM
		{E22B5A24-085C-460E-BBAB-A882475E4E53}.Debug|ARM.Deploy.0 = Debug|ARM
		{E22B5A24-085C-460E-BBAB-A882475E4E53}.Debug|ARM64.ActiveCfg = Debug|ARM64
		{E22B5A24-085C-460E-BBAB-A882475E4E53}.Debug|ARM64.Build.0 = Debug|ARM64
		{E22B5A24-085C-460E-BBAB-A882475E4E53}.Debug|ARM64.Deploy.0 = Debug|ARM64
		{E22B5A24-085C-460E-BBAB-A882475E4E53}.Debug|x64.ActiveCfg = Debug|x64
		{E22B5A24-085C-460E-BBAB-A882475E4E53}.Debug|x64.Build.0 = Debug|x64
		{E22B5A24-085C-460E-BBAB-A882475E4E53}.Debug|x64.Deploy.0 = Debug|x64
		{E22B5A24-085C-460E-BBAB-A882475E4E53}.Debug|x86.ActiveCfg = Debug|x86
		{E22B5A24-085C-460E-BBAB-A882475E4E53}.Debug|x86.Build.0 = Debug|x86
		{E22B5A24-085C-460E-BBAB-A882475E4E53}.Debug|x86.Deploy.0 = Debug|x86
		{E22B5A24-085C-460E-BBAB-A882475E4E53}.Release|Any CPU.ActiveCfg = Release|x86
		{E22B5A24-085C-460E-BBAB-A882475E4E53}.Release|ARM.ActiveCfg = Release|ARM
		{E22B5A24-085C-460E-BBAB-A882475E4E53}.Release|ARM.Build.0 = Release|ARM
		{E22B5A24-085C-460E-BBAB-A882475E4E53}.Release|ARM.Deploy.0 = Release|ARM
		{E22B5A24-085C-460E-BBAB-A882475E4E53}.Release|ARM64.ActiveCfg = Release|ARM64
		{E22B5A24-085C-460E-BBAB-A882475E4E53}.Release|ARM64.Build.0 = Release|ARM64
		{E22B5A24-085C-460E-BBAB-A882475E4E53}.Release|ARM64.Deploy.0 = Release|ARM64
		{E22B5A24-085C-460E-BBAB-A882475E4E53}.Release|x64.ActiveCfg = Release|x64
		{E22B5A24-085C-460E-BBAB-A882475E4E53}.Release|x64.Build.0 = Release|x64
		{E22B5A24-085C-460E-BBAB-A882475E4E53}.Release|x64.Deploy.0 = Release|x64
		{E22B5A24-085C-460E-BBAB-A882475E4E53}.Release|x86.ActiveCfg = Release|x86
		{E22B5A24-085C-460E-BBAB-A882475E4E53}.Release|x86.Build.0 = Release|x86
		{E22B5A24-085C-460E-BBAB-A882475E4E53}.Release|x86.Deploy.0 = Release|x86
	EndGlobalSection
	GlobalSection(SolutionProperties) = preSolution
		HideSolutionNode = FALSE
	EndGlobalSection
	GlobalSection(ExtensibilityGlobals) = postSolution
		SolutionGuid = {FDB193B0-2D1C-49E7-B7F0-1D5080763866}
	EndGlobalSection
EndGlobal
