
Microsoft Visual Studio Solution File, Format Version 12.00
# Visual Studio Version 16
VisualStudioVersion = 16.0.31424.327
MinimumVisualStudioVersion = 10.0.40219.1
Project("{FAE04EC0-301F-11D3-BF4B-00C04F79EFBC}") = "WindowsFormsClient", "WindowsFormsClient.csproj", "{F092F262-0138-4845-885D-F4F2B35D3B49}"
EndProject
Global
	GlobalSection(SolutionConfigurationPlatforms) = preSolution
		Debug|Any CPU = Debug|Any CPU
		Release|Any CPU = Release|Any CPU
	EndGlobalSection
	GlobalSection(ProjectConfigurationPlatforms) = postSolution
		{F092F262-0138-4845-885D-F4F2B35D3B49}.Debug|Any CPU.ActiveCfg = Debug|Any CPU
		{F092F262-0138-4845-885D-F4F2B35D3B49}.Debug|Any CPU.Build.0 = Debug|Any CPU
		{F092F262-0138-4845-885D-F4F2B35D3B49}.Release|Any CPU.ActiveCfg = Release|Any CPU
		{F092F262-0138-4845-885D-F4F2B35D3B49}.Release|Any CPU.Build.0 = Release|Any CPU
	EndGlobalSection
	GlobalSection(SolutionProperties) = preSolution
		HideSolutionNode = FALSE
	EndGlobalSection
	GlobalSection(ExtensibilityGlobals) = postSolution
		SolutionGuid = {87BD1F99-A433-4912-A4A3-31DCC12EC287}
	EndGlobalSection
EndGlobal
